
Microsoft Visual Studio Solution File, Format Version 12.00
# Visual Studio Version 16
VisualStudioVersion = 16.0.31702.278
MinimumVisualStudioVersion = 10.0.40219.1
Project("{FAE04EC0-301F-11D3-BF4B-00C04F79EFBC}") = "MegaDeskRazor", "MegaDeskRazor\MegaDeskRazor.csproj", "{0AE61E13-88EA-4506-9EB2-A249CEF82F7F}"
EndProject
Global
	GlobalSection(SolutionConfigurationPlatforms) = preSolution
		Debug|Any CPU = Debug|Any CPU
		Release|Any CPU = Release|Any CPU
	EndGlobalSection
	GlobalSection(ProjectConfigurationPlatforms) = postSolution
		{0AE61E13-88EA-4506-9EB2-A249CEF82F7F}.Debug|Any CPU.ActiveCfg = Debug|Any CPU
		{0AE61E13-88EA-4506-9EB2-A249CEF82F7F}.Debug|Any CPU.Build.0 = Debug|Any CPU
		{0AE61E13-88EA-4506-9EB2-A249CEF82F7F}.Release|Any CPU.ActiveCfg = Release|Any CPU
		{0AE61E13-88EA-4506-9EB2-A249CEF82F7F}.Release|Any CPU.Build.0 = Release|Any CPU
	EndGlobalSection
	GlobalSection(SolutionProperties) = preSolution
		HideSolutionNode = FALSE
	EndGlobalSection
	GlobalSection(ExtensibilityGlobals) = postSolution
		SolutionGuid = {C5064D3C-83FC-4BDB-80FA-3C9C79AD6F3B}
	EndGlobalSection
EndGlobal
